
Microsoft Visual Studio Solution File, Format Version 12.00
# Visual Studio Version 17
VisualStudioVersion = 17.9.34622.214
MinimumVisualStudioVersion = 10.0.40219.1
Project("{FAE04EC0-301F-11D3-BF4B-00C04F79EFBC}") = "ComponentsDB", "ComponentsDB.csproj", "{7695AF39-60DB-4A2C-97DB-3143AB9CF31B}"
EndProject
Global
	GlobalSection(SolutionConfigurationPlatforms) = preSolution
		Debug|Any CPU = Debug|Any CPU
		Release|Any CPU = Release|Any CPU
	EndGlobalSection
	GlobalSection(ProjectConfigurationPlatforms) = postSolution
		{7695AF39-60DB-4A2C-97DB-3143AB9CF31B}.Debug|Any CPU.ActiveCfg = Debug|Any CPU
		{7695AF39-60DB-4A2C-97DB-3143AB9CF31B}.Debug|Any CPU.Build.0 = Debug|Any CPU
		{7695AF39-60DB-4A2C-97DB-3143AB9CF31B}.Release|Any CPU.ActiveCfg = Release|Any CPU
		{7695AF39-60DB-4A2C-97DB-3143AB9CF31B}.Release|Any CPU.Build.0 = Release|Any CPU
	EndGlobalSection
	GlobalSection(SolutionProperties) = preSolution
		HideSolutionNode = FALSE
	EndGlobalSection
	GlobalSection(ExtensibilityGlobals) = postSolution
		SolutionGuid = {883D4563-3759-45CC-AF08-B9F07BC6E9BB}
	EndGlobalSection
EndGlobal
